
Microsoft Visual Studio Solution File, Format Version 12.00
# Visual Studio Version 17
VisualStudioVersion = 17.1.32319.34
MinimumVisualStudioVersion = 10.0.40219.1
Project("{9A19103F-16F7-4668-BE54-9A1E7A4F7556}") = "LabDotNet.AsyncAwait", "LabDotNet.AsyncAwait\LabDotNet.AsyncAwait.csproj", "{03C9E952-2FFA-48B3-8141-FE240EC1BC65}"
EndProject
Project("{9A19103F-16F7-4668-BE54-9A1E7A4F7556}") = "LabDotNet.DeadLock", "LabDotNet.DeadLock\LabDotNet.DeadLock.csproj", "{D0905A8E-FEAC-411D-8629-A0098295B6C4}"
EndProject
Project("{9A19103F-16F7-4668-BE54-9A1E7A4F7556}") = "LabDotNet.DeadLock.Console", "LabDotNet.DeadLock.Console\LabDotNet.DeadLock.Console.csproj", "{96B8476A-5EF6-49AC-A777-4BA4C22F3896}"
EndProject
Project("{FAE04EC0-301F-11D3-BF4B-00C04F79EFBC}") = "LabDotNet.DeadLock.Framework", "LabDotNet.DeadLock.Framework\LabDotNet.DeadLock.Framework.csproj", "{5E555776-D4BB-4D05-947C-0F1C28ADBDF7}"
EndProject
Project("{9A19103F-16F7-4668-BE54-9A1E7A4F7556}") = "PortExhaust", "PortExhaust\PortExhaust.csproj", "{9CDFD24B-E0A0-4A92-8D28-665500EBF53A}"
EndProject
Project("{FAE04EC0-301F-11D3-BF4B-00C04F79EFBC}") = "ConnectionClosing", "ConnectionClosing\ConnectionClosing.csproj", "{256A3CC0-15AD-47EF-99C7-4D37CB6EAC12}"
EndProject
Global
	GlobalSection(SolutionConfigurationPlatforms) = preSolution
		Debug|Any CPU = Debug|Any CPU
		Release|Any CPU = Release|Any CPU
	EndGlobalSection
	GlobalSection(ProjectConfigurationPlatforms) = postSolution
		{03C9E952-2FFA-48B3-8141-FE240EC1BC65}.Debug|Any CPU.ActiveCfg = Debug|Any CPU
		{03C9E952-2FFA-48B3-8141-FE240EC1BC65}.Debug|Any CPU.Build.0 = Debug|Any CPU
		{03C9E952-2FFA-48B3-8141-FE240EC1BC65}.Release|Any CPU.ActiveCfg = Release|Any CPU
		{03C9E952-2FFA-48B3-8141-FE240EC1BC65}.Release|Any CPU.Build.0 = Release|Any CPU
		{D0905A8E-FEAC-411D-8629-A0098295B6C4}.Debug|Any CPU.ActiveCfg = Debug|Any CPU
		{D0905A8E-FEAC-411D-8629-A0098295B6C4}.Debug|Any CPU.Build.0 = Debug|Any CPU
		{D0905A8E-FEAC-411D-8629-A0098295B6C4}.Release|Any CPU.ActiveCfg = Release|Any CPU
		{D0905A8E-FEAC-411D-8629-A0098295B6C4}.Release|Any CPU.Build.0 = Release|Any CPU
		{96B8476A-5EF6-49AC-A777-4BA4C22F3896}.Debug|Any CPU.ActiveCfg = Debug|Any CPU
		{96B8476A-5EF6-49AC-A777-4BA4C22F3896}.Debug|Any CPU.Build.0 = Debug|Any CPU
		{96B8476A-5EF6-49AC-A777-4BA4C22F3896}.Release|Any CPU.ActiveCfg = Release|Any CPU
		{96B8476A-5EF6-49AC-A777-4BA4C22F3896}.Release|Any CPU.Build.0 = Release|Any CPU
		{5E555776-D4BB-4D05-947C-0F1C28ADBDF7}.Debug|Any CPU.ActiveCfg = Debug|Any CPU
		{5E555776-D4BB-4D05-947C-0F1C28ADBDF7}.Debug|Any CPU.Build.0 = Debug|Any CPU
		{5E555776-D4BB-4D05-947C-0F1C28ADBDF7}.Release|Any CPU.ActiveCfg = Release|Any CPU
		{5E555776-D4BB-4D05-947C-0F1C28ADBDF7}.Release|Any CPU.Build.0 = Release|Any CPU
		{9CDFD24B-E0A0-4A92-8D28-665500EBF53A}.Debug|Any CPU.ActiveCfg = Debug|Any CPU
		{9CDFD24B-E0A0-4A92-8D28-665500EBF53A}.Debug|Any CPU.Build.0 = Debug|Any CPU
		{9CDFD24B-E0A0-4A92-8D28-665500EBF53A}.Release|Any CPU.ActiveCfg = Release|Any CPU
		{9CDFD24B-E0A0-4A92-8D28-665500EBF53A}.Release|Any CPU.Build.0 = Release|Any CPU
		{256A3CC0-15AD-47EF-99C7-4D37CB6EAC12}.Debug|Any CPU.ActiveCfg = Debug|Any CPU
		{256A3CC0-15AD-47EF-99C7-4D37CB6EAC12}.Debug|Any CPU.Build.0 = Debug|Any CPU
		{256A3CC0-15AD-47EF-99C7-4D37CB6EAC12}.Release|Any CPU.ActiveCfg = Release|Any CPU
		{256A3CC0-15AD-47EF-99C7-4D37CB6EAC12}.Release|Any CPU.Build.0 = Release|Any CPU
	EndGlobalSection
	GlobalSection(SolutionProperties) = preSolution
		HideSolutionNode = FALSE
	EndGlobalSection
	GlobalSection(ExtensibilityGlobals) = postSolution
		SolutionGuid = {032619E0-998C-4468-B89C-713CF8190312}
	EndGlobalSection
EndGlobal
