
Microsoft Visual Studio Solution File, Format Version 12.00
Project("{FAE04EC0-301F-11D3-BF4B-00C04F79EFBC}") = "Lab.SignalR.WebApi", "Lab.SignalR.WebApi\Lab.SignalR.WebApi.csproj", "{6160140C-67AE-48EF-83FE-31E19FC54FFD}"
EndProject
Global
	GlobalSection(SolutionConfigurationPlatforms) = preSolution
		Debug|Any CPU = Debug|Any CPU
		Release|Any CPU = Release|Any CPU
	EndGlobalSection
	GlobalSection(ProjectConfigurationPlatforms) = postSolution
		{6160140C-67AE-48EF-83FE-31E19FC54FFD}.Debug|Any CPU.ActiveCfg = Debug|Any CPU
		{6160140C-67AE-48EF-83FE-31E19FC54FFD}.Debug|Any CPU.Build.0 = Debug|Any CPU
		{6160140C-67AE-48EF-83FE-31E19FC54FFD}.Release|Any CPU.ActiveCfg = Release|Any CPU
		{6160140C-67AE-48EF-83FE-31E19FC54FFD}.Release|Any CPU.Build.0 = Release|Any CPU
	EndGlobalSection
EndGlobal
