
Microsoft Visual Studio Solution File, Format Version 12.00
# Visual Studio Version 17
VisualStudioVersion = 17.1.32319.34
MinimumVisualStudioVersion = 10.0.40219.1
Project("{FAE04EC0-301F-11D3-BF4B-00C04F79EFBC}") = "LabDotNet.AsyncAwait", "LabDotNet.AsyncAwait\LabDotNet.AsyncAwait.csproj", "{03C9E952-2FFA-48B3-8141-FE240EC1BC65}"
EndProject
Global
	GlobalSection(SolutionConfigurationPlatforms) = preSolution
		Debug|Any CPU = Debug|Any CPU
		Release|Any CPU = Release|Any CPU
	EndGlobalSection
	GlobalSection(ProjectConfigurationPlatforms) = postSolution
		{03C9E952-2FFA-48B3-8141-FE240EC1BC65}.Debug|Any CPU.ActiveCfg = Debug|Any CPU
		{03C9E952-2FFA-48B3-8141-FE240EC1BC65}.Debug|Any CPU.Build.0 = Debug|Any CPU
		{03C9E952-2FFA-48B3-8141-FE240EC1BC65}.Release|Any CPU.ActiveCfg = Release|Any CPU
		{03C9E952-2FFA-48B3-8141-FE240EC1BC65}.Release|Any CPU.Build.0 = Release|Any CPU
	EndGlobalSection
	GlobalSection(SolutionProperties) = preSolution
		HideSolutionNode = FALSE
	EndGlobalSection
	GlobalSection(ExtensibilityGlobals) = postSolution
		SolutionGuid = {032619E0-998C-4468-B89C-713CF8190312}
	EndGlobalSection
EndGlobal
